
Microsoft Visual Studio Solution File, Format Version 12.00
# Visual Studio Version 17
VisualStudioVersion = 17.0.31903.59
MinimumVisualStudioVersion = 10.0.40219.1
Project("{FAE04EC0-301F-11D3-BF4B-00C04F79EFBC}") = "FCG.PaymentsAPI.API", "FCG.PaymentsAPI.API\FCG.PaymentsAPI.API.csproj", "{3B39148F-5A55-4A5B-B8FB-EA72303188AC}"
EndProject
Project("{FAE04EC0-301F-11D3-BF4B-00C04F79EFBC}") = "FCG.PaymentsAPI.Domain", "FCG.PaymentsAPI.Domain\FCG.PaymentsAPI.Domain.csproj", "{A16DF55C-D7F5-4044-8AA0-8EC9E1CF6CDC}"
EndProject
Project("{FAE04EC0-301F-11D3-BF4B-00C04F79EFBC}") = "FCG.PaymentsAPI.Application", "FCG.PaymentsAPI.Application\FCG.PaymentsAPI.Application.csproj", "{B1352A64-4ABC-4606-BB94-898ED4D821ED}"
EndProject
Project("{FAE04EC0-301F-11D3-BF4B-00C04F79EFBC}") = "FCG.PaymentsAPI.Infrastructure", "FCG.PaymentsAPI.Infrastructure\FCG.PaymentsAPI.Infrastructure.csproj", "{CD0EC009-8DCD-4E55-BC0B-D2102808AFB7}"
EndProject
Global
	GlobalSection(SolutionConfigurationPlatforms) = preSolution
		Debug|Any CPU = Debug|Any CPU
		Debug|x64 = Debug|x64
		Debug|x86 = Debug|x86
		Release|Any CPU = Release|Any CPU
		Release|x64 = Release|x64
		Release|x86 = Release|x86
	EndGlobalSection
	GlobalSection(ProjectConfigurationPlatforms) = postSolution
		{3B39148F-5A55-4A5B-B8FB-EA72303188AC}.Debug|Any CPU.ActiveCfg = Debug|Any CPU
		{3B39148F-5A55-4A5B-B8FB-EA72303188AC}.Debug|Any CPU.Build.0 = Debug|Any CPU
		{3B39148F-5A55-4A5B-B8FB-EA72303188AC}.Debug|x64.ActiveCfg = Debug|Any CPU
		{3B39148F-5A55-4A5B-B8FB-EA72303188AC}.Debug|x64.Build.0 = Debug|Any CPU
		{3B39148F-5A55-4A5B-B8FB-EA72303188AC}.Debug|x86.ActiveCfg = Debug|Any CPU
		{3B39148F-5A55-4A5B-B8FB-EA72303188AC}.Debug|x86.Build.0 = Debug|Any CPU
		{3B39148F-5A55-4A5B-B8FB-EA72303188AC}.Release|Any CPU.ActiveCfg = Release|Any CPU
		{3B39148F-5A55-4A5B-B8FB-EA72303188AC}.Release|Any CPU.Build.0 = Release|Any CPU
		{3B39148F-5A55-4A5B-B8FB-EA72303188AC}.Release|x64.ActiveCfg = Release|Any CPU
		{3B39148F-5A55-4A5B-B8FB-EA72303188AC}.Release|x64.Build.0 = Release|Any CPU
		{3B39148F-5A55-4A5B-B8FB-EA72303188AC}.Release|x86.ActiveCfg = Release|Any CPU
		{3B39148F-5A55-4A5B-B8FB-EA72303188AC}.Release|x86.Build.0 = Release|Any CPU
		{A16DF55C-D7F5-4044-8AA0-8EC9E1CF6CDC}.Debug|Any CPU.ActiveCfg = Debug|Any CPU
		{A16DF55C-D7F5-4044-8AA0-8EC9E1CF6CDC}.Debug|Any CPU.Build.0 = Debug|Any CPU
		{A16DF55C-D7F5-4044-8AA0-8EC9E1CF6CDC}.Debug|x64.ActiveCfg = Debug|Any CPU
		{A16DF55C-D7F5-4044-8AA0-8EC9E1CF6CDC}.Debug|x64.Build.0 = Debug|Any CPU
		{A16DF55C-D7F5-4044-8AA0-8EC9E1CF6CDC}.Debug|x86.ActiveCfg = Debug|Any CPU
		{A16DF55C-D7F5-4044-8AA0-8EC9E1CF6CDC}.Debug|x86.Build.0 = Debug|Any CPU
		{A16DF55C-D7F5-4044-8AA0-8EC9E1CF6CDC}.Release|Any CPU.ActiveCfg = Release|Any CPU
		{A16DF55C-D7F5-4044-8AA0-8EC9E1CF6CDC}.Release|Any CPU.Build.0 = Release|Any CPU
		{A16DF55C-D7F5-4044-8AA0-8EC9E1CF6CDC}.Release|x64.ActiveCfg = Release|Any CPU
		{A16DF55C-D7F5-4044-8AA0-8EC9E1CF6CDC}.Release|x64.Build.0 = Release|Any CPU
		{A16DF55C-D7F5-4044-8AA0-8EC9E1CF6CDC}.Release|x86.ActiveCfg = Release|Any CPU
		{A16DF55C-D7F5-4044-8AA0-8EC9E1CF6CDC}.Release|x86.Build.0 = Release|Any CPU
		{B1352A64-4ABC-4606-BB94-898ED4D821ED}.Debug|Any CPU.ActiveCfg = Debug|Any CPU
		{B1352A64-4ABC-4606-BB94-898ED4D821ED}.Debug|Any CPU.Build.0 = Debug|Any CPU
		{B1352A64-4ABC-4606-BB94-898ED4D821ED}.Debug|x64.ActiveCfg = Debug|Any CPU
		{B1352A64-4ABC-4606-BB94-898ED4D821ED}.Debug|x64.Build.0 = Debug|Any CPU
		{B1352A64-4ABC-4606-BB94-898ED4D821ED}.Debug|x86.ActiveCfg = Debug|Any CPU
		{B1352A64-4ABC-4606-BB94-898ED4D821ED}.Debug|x86.Build.0 = Debug|Any CPU
		{B1352A64-4ABC-4606-BB94-898ED4D821ED}.Release|Any CPU.ActiveCfg = Release|Any CPU
		{B1352A64-4ABC-4606-BB94-898ED4D821ED}.Release|Any CPU.Build.0 = Release|Any CPU
		{B1352A64-4ABC-4606-BB94-898ED4D821ED}.Release|x64.ActiveCfg = Release|Any CPU
		{B1352A64-4ABC-4606-BB94-898ED4D821ED}.Release|x64.Build.0 = Release|Any CPU
		{B1352A64-4ABC-4606-BB94-898ED4D821ED}.Release|x86.ActiveCfg = Release|Any CPU
		{B1352A64-4ABC-4606-BB94-898ED4D821ED}.Release|x86.Build.0 = Release|Any CPU
		{CD0EC009-8DCD-4E55-BC0B-D2102808AFB7}.Debug|Any CPU.ActiveCfg = Debug|Any CPU
		{CD0EC009-8DCD-4E55-BC0B-D2102808AFB7}.Debug|Any CPU.Build.0 = Debug|Any CPU
		{CD0EC009-8DCD-4E55-BC0B-D2102808AFB7}.Debug|x64.ActiveCfg = Debug|Any CPU
		{CD0EC009-8DCD-4E55-BC0B-D2102808AFB7}.Debug|x64.Build.0 = Debug|Any CPU
		{CD0EC009-8DCD-4E55-BC0B-D2102808AFB7}.Debug|x86.ActiveCfg = Debug|Any CPU
		{CD0EC009-8DCD-4E55-BC0B-D2102808AFB7}.Debug|x86.Build.0 = Debug|Any CPU
		{CD0EC009-8DCD-4E55-BC0B-D2102808AFB7}.Release|Any CPU.ActiveCfg = Release|Any CPU
		{CD0EC009-8DCD-4E55-BC0B-D2102808AFB7}.Release|Any CPU.Build.0 = Release|Any CPU
		{CD0EC009-8DCD-4E55-BC0B-D2102808AFB7}.Release|x64.ActiveCfg = Release|Any CPU
		{CD0EC009-8DCD-4E55-BC0B-D2102808AFB7}.Release|x64.Build.0 = Release|Any CPU
		{CD0EC009-8DCD-4E55-BC0B-D2102808AFB7}.Release|x86.ActiveCfg = Release|Any CPU
		{CD0EC009-8DCD-4E55-BC0B-D2102808AFB7}.Release|x86.Build.0 = Release|Any CPU
	EndGlobalSection
	GlobalSection(SolutionProperties) = preSolution
		HideSolutionNode = FALSE
	EndGlobalSection
EndGlobal
